
Microsoft Visual Studio Solution File, Format Version 12.00
# Visual Studio Version 17
VisualStudioVersion = 17.11.35303.130
MinimumVisualStudioVersion = 10.0.40219.1
Project("{FAE04EC0-301F-11D3-BF4B-00C04F79EFBC}") = "Assignment01", "Assignment01\Assignment01.csproj", "{44124336-69F8-4411-982D-134F490AE71D}"
EndProject
Global
	GlobalSection(SolutionConfigurationPlatforms) = preSolution
		Debug|Any CPU = Debug|Any CPU
		Release|Any CPU = Release|Any CPU
	EndGlobalSection
	GlobalSection(ProjectConfigurationPlatforms) = postSolution
		{44124336-69F8-4411-982D-134F490AE71D}.Debug|Any CPU.ActiveCfg = Debug|Any CPU
		{44124336-69F8-4411-982D-134F490AE71D}.Debug|Any CPU.Build.0 = Debug|Any CPU
		{44124336-69F8-4411-982D-134F490AE71D}.Release|Any CPU.ActiveCfg = Release|Any CPU
		{44124336-69F8-4411-982D-134F490AE71D}.Release|Any CPU.Build.0 = Release|Any CPU
	EndGlobalSection
	GlobalSection(SolutionProperties) = preSolution
		HideSolutionNode = FALSE
	EndGlobalSection
	GlobalSection(ExtensibilityGlobals) = postSolution
		SolutionGuid = {0814C395-5959-4FD2-801B-73A8D9B25B95}
	EndGlobalSection
EndGlobal
